
Microsoft Visual Studio Solution File, Format Version 12.00
# Visual Studio 15
VisualStudioVersion = 15.0.28307.421
MinimumVisualStudioVersion = 10.0.40219.1
Project("{FAE04EC0-301F-11D3-BF4B-00C04F79EFBC}") = "SolucionFinanciera", "SolucionFinanciera\SolucionFinanciera.csproj", "{0226D0E3-BD5A-4CF2-9F65-62011D7A7C52}"
EndProject
Global
	GlobalSection(SolutionConfigurationPlatforms) = preSolution
		Debug|Any CPU = Debug|Any CPU
		Release|Any CPU = Release|Any CPU
	EndGlobalSection
	GlobalSection(ProjectConfigurationPlatforms) = postSolution
		{0226D0E3-BD5A-4CF2-9F65-62011D7A7C52}.Debug|Any CPU.ActiveCfg = Debug|Any CPU
		{0226D0E3-BD5A-4CF2-9F65-62011D7A7C52}.Debug|Any CPU.Build.0 = Debug|Any CPU
		{0226D0E3-BD5A-4CF2-9F65-62011D7A7C52}.Release|Any CPU.ActiveCfg = Release|Any CPU
		{0226D0E3-BD5A-4CF2-9F65-62011D7A7C52}.Release|Any CPU.Build.0 = Release|Any CPU
	EndGlobalSection
	GlobalSection(SolutionProperties) = preSolution
		HideSolutionNode = FALSE
	EndGlobalSection
	GlobalSection(ExtensibilityGlobals) = postSolution
		SolutionGuid = {17435AFE-CCB3-44B2-97B6-95E70FB5BB5F}
	EndGlobalSection
EndGlobal
