
Microsoft Visual Studio Solution File, Format Version 12.00
# Visual Studio 15
VisualStudioVersion = 15.0.28307.438
MinimumVisualStudioVersion = 10.0.40219.1
Project("{FAE04EC0-301F-11D3-BF4B-00C04F79EFBC}") = "AppInterfaces", "AppInterfaces\AppInterfaces.csproj", "{9997D71F-7FD6-4808-B43B-AC59F4451D35}"
EndProject
Global
	GlobalSection(SolutionConfigurationPlatforms) = preSolution
		Debug|Any CPU = Debug|Any CPU
		Release|Any CPU = Release|Any CPU
	EndGlobalSection
	GlobalSection(ProjectConfigurationPlatforms) = postSolution
		{9997D71F-7FD6-4808-B43B-AC59F4451D35}.Debug|Any CPU.ActiveCfg = Debug|Any CPU
		{9997D71F-7FD6-4808-B43B-AC59F4451D35}.Debug|Any CPU.Build.0 = Debug|Any CPU
		{9997D71F-7FD6-4808-B43B-AC59F4451D35}.Release|Any CPU.ActiveCfg = Release|Any CPU
		{9997D71F-7FD6-4808-B43B-AC59F4451D35}.Release|Any CPU.Build.0 = Release|Any CPU
	EndGlobalSection
	GlobalSection(SolutionProperties) = preSolution
		HideSolutionNode = FALSE
	EndGlobalSection
	GlobalSection(ExtensibilityGlobals) = postSolution
		SolutionGuid = {66F00482-1DC5-449D-A410-E5A90AA179E2}
	EndGlobalSection
EndGlobal
